
Microsoft Visual Studio Solution File, Format Version 12.00
# Visual Studio 2013
VisualStudioVersion = 12.0.21005.1
MinimumVisualStudioVersion = 10.0.40219.1
Project("{FAE04EC0-301F-11D3-BF4B-00C04F79EFBC}") = "RoslynSandbox", "RoslynSandbox\RoslynSandbox.csproj", "{E66BF3EB-474E-465C-9CDE-90074896FC04}"
EndProject
Project("{FAE04EC0-301F-11D3-BF4B-00C04F79EFBC}") = "ExampleCode", "ExampleCode\ExampleCode.csproj", "{B22A0637-420C-45B0-90DB-06B3111A9AD2}"
EndProject
Global
	GlobalSection(SolutionConfigurationPlatforms) = preSolution
		Debug|Any CPU = Debug|Any CPU
		Release|Any CPU = Release|Any CPU
	EndGlobalSection
	GlobalSection(ProjectConfigurationPlatforms) = postSolution
		{E66BF3EB-474E-465C-9CDE-90074896FC04}.Debug|Any CPU.ActiveCfg = Debug|Any CPU
		{E66BF3EB-474E-465C-9CDE-90074896FC04}.Debug|Any CPU.Build.0 = Debug|Any CPU
		{E66BF3EB-474E-465C-9CDE-90074896FC04}.Release|Any CPU.ActiveCfg = Release|Any CPU
		{E66BF3EB-474E-465C-9CDE-90074896FC04}.Release|Any CPU.Build.0 = Release|Any CPU
		{B22A0637-420C-45B0-90DB-06B3111A9AD2}.Debug|Any CPU.ActiveCfg = Debug|Any CPU
		{B22A0637-420C-45B0-90DB-06B3111A9AD2}.Debug|Any CPU.Build.0 = Debug|Any CPU
		{B22A0637-420C-45B0-90DB-06B3111A9AD2}.Release|Any CPU.ActiveCfg = Release|Any CPU
		{B22A0637-420C-45B0-90DB-06B3111A9AD2}.Release|Any CPU.Build.0 = Release|Any CPU
	EndGlobalSection
	GlobalSection(SolutionProperties) = preSolution
		HideSolutionNode = FALSE
	EndGlobalSection
EndGlobal
